
Microsoft Visual Studio Solution File, Format Version 12.00
# Visual Studio Version 17
VisualStudioVersion = 17.2.32526.322
MinimumVisualStudioVersion = 10.0.40219.1
Project("{FAE04EC0-301F-11D3-BF4B-00C04F79EFBC}") = "HarbourDBF.NET", "Library\HarbourDBF.NET.csproj", "{7FD534BF-213C-4E04-89BC-9230731D509C}"
EndProject
Project("{FAE04EC0-301F-11D3-BF4B-00C04F79EFBC}") = "Example", "Example\Example.csproj", "{D64020EE-AD6B-43D8-9FFE-4239DF61B220}"
EndProject
Global
	GlobalSection(SolutionConfigurationPlatforms) = preSolution
		Debug|Any CPU = Debug|Any CPU
		Release|Any CPU = Release|Any CPU
	EndGlobalSection
	GlobalSection(ProjectConfigurationPlatforms) = postSolution
		{7FD534BF-213C-4E04-89BC-9230731D509C}.Debug|Any CPU.ActiveCfg = Debug|Any CPU
		{7FD534BF-213C-4E04-89BC-9230731D509C}.Debug|Any CPU.Build.0 = Debug|Any CPU
		{7FD534BF-213C-4E04-89BC-9230731D509C}.Release|Any CPU.ActiveCfg = Release|Any CPU
		{7FD534BF-213C-4E04-89BC-9230731D509C}.Release|Any CPU.Build.0 = Release|Any CPU
		{D64020EE-AD6B-43D8-9FFE-4239DF61B220}.Debug|Any CPU.ActiveCfg = Debug|Any CPU
		{D64020EE-AD6B-43D8-9FFE-4239DF61B220}.Debug|Any CPU.Build.0 = Debug|Any CPU
		{D64020EE-AD6B-43D8-9FFE-4239DF61B220}.Release|Any CPU.ActiveCfg = Release|Any CPU
		{D64020EE-AD6B-43D8-9FFE-4239DF61B220}.Release|Any CPU.Build.0 = Release|Any CPU
	EndGlobalSection
	GlobalSection(SolutionProperties) = preSolution
		HideSolutionNode = FALSE
	EndGlobalSection
	GlobalSection(ExtensibilityGlobals) = postSolution
		SolutionGuid = {D9BD406C-4BA9-46E5-AA1E-C1AA549E468C}
	EndGlobalSection
EndGlobal
